
Microsoft Visual Studio Solution File, Format Version 12.00
# Visual Studio Version 17
VisualStudioVersion = 17.4.33122.133
MinimumVisualStudioVersion = 10.0.40219.1
Project("{FAE04EC0-301F-11D3-BF4B-00C04F79EFBC}") = "AutoShop", "AutoShop\AutoShop.csproj", "{CC92373A-60FB-485E-AA74-6B343951F04D}"
EndProject
Global
	GlobalSection(SolutionConfigurationPlatforms) = preSolution
		Debug|Any CPU = Debug|Any CPU
		Release|Any CPU = Release|Any CPU
	EndGlobalSection
	GlobalSection(ProjectConfigurationPlatforms) = postSolution
		{CC92373A-60FB-485E-AA74-6B343951F04D}.Debug|Any CPU.ActiveCfg = Debug|Any CPU
		{CC92373A-60FB-485E-AA74-6B343951F04D}.Debug|Any CPU.Build.0 = Debug|Any CPU
		{CC92373A-60FB-485E-AA74-6B343951F04D}.Release|Any CPU.ActiveCfg = Release|Any CPU
		{CC92373A-60FB-485E-AA74-6B343951F04D}.Release|Any CPU.Build.0 = Release|Any CPU
	EndGlobalSection
	GlobalSection(SolutionProperties) = preSolution
		HideSolutionNode = FALSE
	EndGlobalSection
	GlobalSection(ExtensibilityGlobals) = postSolution
		SolutionGuid = {E9D70773-1224-4445-A339-986BED63AC4D}
	EndGlobalSection
EndGlobal
